
Microsoft Visual Studio Solution File, Format Version 12.00
# Visual Studio Version 17
VisualStudioVersion = 17.9.34701.34
MinimumVisualStudioVersion = 10.0.40219.1
Project("{FAE04EC0-301F-11D3-BF4B-00C04F79EFBC}") = "Assignment2Rectangle", "Assignment2Rectangle\Assignment2Rectangle.csproj", "{E50DB8F0-2910-49A3-BFC8-3BDDA7A67F11}"
EndProject
Project("{FAE04EC0-301F-11D3-BF4B-00C04F79EFBC}") = "Assignment2Tests", "Assignment2Tests\Assignment2Tests.csproj", "{E375A6A8-730D-417C-8263-988334963DAE}"
EndProject
Global
	GlobalSection(SolutionConfigurationPlatforms) = preSolution
		Debug|Any CPU = Debug|Any CPU
		Release|Any CPU = Release|Any CPU
	EndGlobalSection
	GlobalSection(ProjectConfigurationPlatforms) = postSolution
		{E50DB8F0-2910-49A3-BFC8-3BDDA7A67F11}.Debug|Any CPU.ActiveCfg = Debug|Any CPU
		{E50DB8F0-2910-49A3-BFC8-3BDDA7A67F11}.Debug|Any CPU.Build.0 = Debug|Any CPU
		{E50DB8F0-2910-49A3-BFC8-3BDDA7A67F11}.Release|Any CPU.ActiveCfg = Release|Any CPU
		{E50DB8F0-2910-49A3-BFC8-3BDDA7A67F11}.Release|Any CPU.Build.0 = Release|Any CPU
		{E375A6A8-730D-417C-8263-988334963DAE}.Debug|Any CPU.ActiveCfg = Debug|Any CPU
		{E375A6A8-730D-417C-8263-988334963DAE}.Debug|Any CPU.Build.0 = Debug|Any CPU
		{E375A6A8-730D-417C-8263-988334963DAE}.Release|Any CPU.ActiveCfg = Release|Any CPU
		{E375A6A8-730D-417C-8263-988334963DAE}.Release|Any CPU.Build.0 = Release|Any CPU
	EndGlobalSection
	GlobalSection(SolutionProperties) = preSolution
		HideSolutionNode = FALSE
	EndGlobalSection
	GlobalSection(ExtensibilityGlobals) = postSolution
		SolutionGuid = {DE212008-AB0C-4987-B197-69C0F788F84A}
	EndGlobalSection
EndGlobal
